<Solution>
  <Configurations>
    <Platform Name="Any CPU" />
    <Platform Name="x64" />
    <Platform Name="x86" />
  </Configurations>
  <Folder Name="/src/">
    <Project Path="src/Substrait.Core/Substrait.Core.csproj" />
  </Folder>
  <Folder Name="/test/">
    <Project Path="test/Substrait.Core.Tests/Substrait.Core.Tests.csproj" />
  </Folder>
</Solution>
